// !$*UTF8*$!
{
	archiveVersion = 1;
	classes = {
	};
	objectVersion = 55;
	objects = {

/* Begin PBXBuildFile section */
		8216E858283523E7000ED83F /* DataLayer in Frameworks */ = {isa = PBXBuildFile; productRef = 8216E857283523E7000ED83F /* DataLayer */; };
		8216E85B28352768000ED83F /* EmptyStateText.swift in Sources */ = {isa = PBXBuildFile; fileRef = 8216E85A28352768000ED83F /* EmptyStateText.swift */; };
		8253B09B2832E81E00F5A13E /* DependencyGraph.swift in Sources */ = {isa = PBXBuildFile; fileRef = 8253B09A2832E81E00F5A13E /* DependencyGraph.swift */; };
		8253B09E2832E9BD00F5A13E /* FoodLogView.swift in Sources */ = {isa = PBXBuildFile; fileRef = 8253B09D2832E9BD00F5A13E /* FoodLogView.swift */; };
		8253B0A02832F2A400F5A13E /* FoodLogViewModel.swift in Sources */ = {isa = PBXBuildFile; fileRef = 8253B09F2832F2A400F5A13E /* FoodLogViewModel.swift */; };
		8253B0A22832F43D00F5A13E /* AppViewModel.swift in Sources */ = {isa = PBXBuildFile; fileRef = 8253B0A12832F43D00F5A13E /* AppViewModel.swift */; };
		8253B0A62833040A00F5A13E /* FoodColor+Extensions.swift in Sources */ = {isa = PBXBuildFile; fileRef = 8253B0A52833040A00F5A13E /* FoodColor+Extensions.swift */; };
		8253B0A928330DA300F5A13E /* DetailPair.swift in Sources */ = {isa = PBXBuildFile; fileRef = 8253B0A828330DA300F5A13E /* DetailPair.swift */; };
		8253B0AE283316CB00F5A13E /* StyledNavBar.swift in Sources */ = {isa = PBXBuildFile; fileRef = 8253B0AD283316CB00F5A13E /* StyledNavBar.swift */; };
		8253B0B02833211200F5A13E /* FoodLogEntryView.swift in Sources */ = {isa = PBXBuildFile; fileRef = 8253B0AF2833211200F5A13E /* FoodLogEntryView.swift */; };
		8253B0B22833272800F5A13E /* SpotlightButton.swift in Sources */ = {isa = PBXBuildFile; fileRef = 8253B0B12833272800F5A13E /* SpotlightButton.swift */; };
		82A551D5282C5CDA00560CCF /* NoomInterviewApp.swift in Sources */ = {isa = PBXBuildFile; fileRef = 82A551D4282C5CDA00560CCF /* NoomInterviewApp.swift */; };
		82A551D7282C5CDA00560CCF /* SearchView.swift in Sources */ = {isa = PBXBuildFile; fileRef = 82A551D6282C5CDA00560CCF /* SearchView.swift */; };
		82A551D9282C5CDC00560CCF /* Assets.xcassets in Resources */ = {isa = PBXBuildFile; fileRef = 82A551D8282C5CDC00560CCF /* Assets.xcassets */; };
		82A551DC282C5CDC00560CCF /* Preview Assets.xcassets in Resources */ = {isa = PBXBuildFile; fileRef = 82A551DB282C5CDC00560CCF /* Preview Assets.xcassets */; };
		82A551E9282C651500560CCF /* SearchViewModel.swift in Sources */ = {isa = PBXBuildFile; fileRef = 82A551E8282C651500560CCF /* SearchViewModel.swift */; };
		82A551ED282C807500560CCF /* FoodDetailView.swift in Sources */ = {isa = PBXBuildFile; fileRef = 82A551EC282C807500560CCF /* FoodDetailView.swift */; };
/* End PBXBuildFile section */

/* Begin PBXFileReference section */
		8216E85028351DCE000ED83F /* NetworkEngine */ = {isa = PBXFileReference; lastKnownFileType = wrapper; path = NetworkEngine; sourceTree = "<group>"; };
		8216E85628352332000ED83F /* DataLayer */ = {isa = PBXFileReference; lastKnownFileType = text; path = DataLayer; sourceTree = SOURCE_ROOT; };
		8216E85A28352768000ED83F /* EmptyStateText.swift */ = {isa = PBXFileReference; lastKnownFileType = sourcecode.swift; path = EmptyStateText.swift; sourceTree = "<group>"; };
		8253B09A2832E81E00F5A13E /* DependencyGraph.swift */ = {isa = PBXFileReference; lastKnownFileType = sourcecode.swift; path = DependencyGraph.swift; sourceTree = "<group>"; };
		8253B09D2832E9BD00F5A13E /* FoodLogView.swift */ = {isa = PBXFileReference; lastKnownFileType = sourcecode.swift; path = FoodLogView.swift; sourceTree = "<group>"; };
		8253B09F2832F2A400F5A13E /* FoodLogViewModel.swift */ = {isa = PBXFileReference; lastKnownFileType = sourcecode.swift; path = FoodLogViewModel.swift; sourceTree = "<group>"; };
		8253B0A12832F43D00F5A13E /* AppViewModel.swift */ = {isa = PBXFileReference; lastKnownFileType = sourcecode.swift; path = AppViewModel.swift; sourceTree = "<group>"; };
		8253B0A52833040A00F5A13E /* FoodColor+Extensions.swift */ = {isa = PBXFileReference; lastKnownFileType = sourcecode.swift; path = "FoodColor+Extensions.swift"; sourceTree = "<group>"; };
		8253B0A828330DA300F5A13E /* DetailPair.swift */ = {isa = PBXFileReference; lastKnownFileType = sourcecode.swift; path = DetailPair.swift; sourceTree = "<group>"; };
		8253B0AD283316CB00F5A13E /* StyledNavBar.swift */ = {isa = PBXFileReference; lastKnownFileType = sourcecode.swift; path = StyledNavBar.swift; sourceTree = "<group>"; };
		8253B0AF2833211200F5A13E /* FoodLogEntryView.swift */ = {isa = PBXFileReference; lastKnownFileType = sourcecode.swift; path = FoodLogEntryView.swift; sourceTree = "<group>"; };
		8253B0B12833272800F5A13E /* SpotlightButton.swift */ = {isa = PBXFileReference; lastKnownFileType = sourcecode.swift; path = SpotlightButton.swift; sourceTree = "<group>"; };
		82A551D1282C5CDA00560CCF /* NoomInterview.app */ = {isa = PBXFileReference; explicitFileType = wrapper.application; includeInIndex = 0; path = NoomInterview.app; sourceTree = BUILT_PRODUCTS_DIR; };
		82A551D4282C5CDA00560CCF /* NoomInterviewApp.swift */ = {isa = PBXFileReference; lastKnownFileType = sourcecode.swift; path = NoomInterviewApp.swift; sourceTree = "<group>"; };
		82A551D6282C5CDA00560CCF /* SearchView.swift */ = {isa = PBXFileReference; lastKnownFileType = sourcecode.swift; path = SearchView.swift; sourceTree = "<group>"; };
		82A551D8282C5CDC00560CCF /* Assets.xcassets */ = {isa = PBXFileReference; lastKnownFileType = folder.assetcatalog; path = Assets.xcassets; sourceTree = "<group>"; };
		82A551DB282C5CDC00560CCF /* Preview Assets.xcassets */ = {isa = PBXFileReference; lastKnownFileType = folder.assetcatalog; path = "Preview Assets.xcassets"; sourceTree = "<group>"; };
		82A551E8282C651500560CCF /* SearchViewModel.swift */ = {isa = PBXFileReference; lastKnownFileType = sourcecode.swift; path = SearchViewModel.swift; sourceTree = "<group>"; };
		82A551EC282C807500560CCF /* FoodDetailView.swift */ = {isa = PBXFileReference; lastKnownFileType = sourcecode.swift; path = FoodDetailView.swift; sourceTree = "<group>"; };
/* End PBXFileReference section */

/* Begin PBXFrameworksBuildPhase section */
		82A551CE282C5CDA00560CCF /* Frameworks */ = {
			isa = PBXFrameworksBuildPhase;
			buildActionMask = 2147483647;
			files = (
				8216E858283523E7000ED83F /* DataLayer in Frameworks */,
			);
			runOnlyForDeploymentPostprocessing = 0;
		};
/* End PBXFrameworksBuildPhase section */

/* Begin PBXGroup section */
		8216E84F28351DCE000ED83F /* Packages */ = {
			isa = PBXGroup;
			children = (
				8216E85028351DCE000ED83F /* NetworkEngine */,
			);
			name = Packages;
			sourceTree = "<group>";
		};
		8216E85128351F31000ED83F /* Frameworks */ = {
			isa = PBXGroup;
			children = (
			);
			name = Frameworks;
			sourceTree = "<group>";
		};
		8216E85928352617000ED83F /* AppSupport */ = {
			isa = PBXGroup;
			children = (
				82A551D8282C5CDC00560CCF /* Assets.xcassets */,
				82A551D4282C5CDA00560CCF /* NoomInterviewApp.swift */,
				8253B09A2832E81E00F5A13E /* DependencyGraph.swift */,
			);
			path = AppSupport;
			sourceTree = "<group>";
		};
		8253B0A728330D7100F5A13E /* Components */ = {
			isa = PBXGroup;
			children = (
				8253B0A828330DA300F5A13E /* DetailPair.swift */,
				8216E85A28352768000ED83F /* EmptyStateText.swift */,
				8253B0AF2833211200F5A13E /* FoodLogEntryView.swift */,
				8253B0B12833272800F5A13E /* SpotlightButton.swift */,
			);
			path = Components;
			sourceTree = "<group>";
		};
		8253B0AC283316AA00F5A13E /* ViewModifiers */ = {
			isa = PBXGroup;
			children = (
				8253B0AD283316CB00F5A13E /* StyledNavBar.swift */,
			);
			path = ViewModifiers;
			sourceTree = "<group>";
		};
		8253B0B32833326700F5A13E /* Extensions */ = {
			isa = PBXGroup;
			children = (
				8253B0A52833040A00F5A13E /* FoodColor+Extensions.swift */,
			);
			path = Extensions;
			sourceTree = "<group>";
		};
		82A551C8282C5CDA00560CCF = {
			isa = PBXGroup;
			children = (
				8216E84F28351DCE000ED83F /* Packages */,
				82A551D3282C5CDA00560CCF /* NoomInterview */,
				82A551D2282C5CDA00560CCF /* Products */,
				8216E85128351F31000ED83F /* Frameworks */,
			);
			sourceTree = "<group>";
		};
		82A551D2282C5CDA00560CCF /* Products */ = {
			isa = PBXGroup;
			children = (
				82A551D1282C5CDA00560CCF /* NoomInterview.app */,
			);
			name = Products;
			sourceTree = "<group>";
		};
		82A551D3282C5CDA00560CCF /* NoomInterview */ = {
			isa = PBXGroup;
			children = (
				8216E85628352332000ED83F /* DataLayer */,
				8216E85928352617000ED83F /* AppSupport */,
				82A551E3282C607000560CCF /* ViewModels */,
				82A551E2282C606500560CCF /* Views */,
				82A551DA282C5CDC00560CCF /* Preview Content */,
			);
			path = NoomInterview;
			sourceTree = "<group>";
		};
		82A551DA282C5CDC00560CCF /* Preview Content */ = {
			isa = PBXGroup;
			children = (
				82A551DB282C5CDC00560CCF /* Preview Assets.xcassets */,
			);
			path = "Preview Content";
			sourceTree = "<group>";
		};
		82A551E2282C606500560CCF /* Views */ = {
			isa = PBXGroup;
			children = (
				8253B0A728330D7100F5A13E /* Components */,
				8253B0B32833326700F5A13E /* Extensions */,
				8253B0AC283316AA00F5A13E /* ViewModifiers */,
				82A551EC282C807500560CCF /* FoodDetailView.swift */,
				8253B09D2832E9BD00F5A13E /* FoodLogView.swift */,
				82A551D6282C5CDA00560CCF /* SearchView.swift */,
			);
			path = Views;
			sourceTree = "<group>";
		};
		82A551E3282C607000560CCF /* ViewModels */ = {
			isa = PBXGroup;
			children = (
				8253B0A12832F43D00F5A13E /* AppViewModel.swift */,
				8253B09F2832F2A400F5A13E /* FoodLogViewModel.swift */,
				82A551E8282C651500560CCF /* SearchViewModel.swift */,
			);
			path = ViewModels;
			sourceTree = "<group>";
		};
/* End PBXGroup section */

/* Begin PBXNativeTarget section */
		82A551D0282C5CDA00560CCF /* NoomInterview */ = {
			isa = PBXNativeTarget;
			buildConfigurationList = 82A551DF282C5CDC00560CCF /* Build configuration list for PBXNativeTarget "NoomInterview" */;
			buildPhases = (
				82A551CD282C5CDA00560CCF /* Sources */,
				82A551CE282C5CDA00560CCF /* Frameworks */,
				82A551CF282C5CDA00560CCF /* Resources */,
			);
			buildRules = (
			);
			dependencies = (
			);
			name = NoomInterview;
			packageProductDependencies = (
				8216E857283523E7000ED83F /* DataLayer */,
			);
			productName = NoomInterview;
			productReference = 82A551D1282C5CDA00560CCF /* NoomInterview.app */;
			productType = "com.apple.product-type.application";
		};
/* End PBXNativeTarget section */

/* Begin PBXProject section */
		82A551C9282C5CDA00560CCF /* Project object */ = {
			isa = PBXProject;
			attributes = {
				BuildIndependentTargetsInParallel = 1;
				LastSwiftUpdateCheck = 1330;
				LastUpgradeCheck = 1330;
				TargetAttributes = {
					82A551D0282C5CDA00560CCF = {
						CreatedOnToolsVersion = 13.3.1;
					};
				};
			};
			buildConfigurationList = 82A551CC282C5CDA00560CCF /* Build configuration list for PBXProject "NoomInterview" */;
			compatibilityVersion = "Xcode 13.0";
			developmentRegion = en;
			hasScannedForEncodings = 0;
			knownRegions = (
				en,
				Base,
			);
			mainGroup = 82A551C8282C5CDA00560CCF;
			productRefGroup = 82A551D2282C5CDA00560CCF /* Products */;
			projectDirPath = "";
			projectRoot = "";
			targets = (
				82A551D0282C5CDA00560CCF /* NoomInterview */,
			);
		};
/* End PBXProject section */

/* Begin PBXResourcesBuildPhase section */
		82A551CF282C5CDA00560CCF /* Resources */ = {
			isa = PBXResourcesBuildPhase;
			buildActionMask = 2147483647;
			files = (
				82A551DC282C5CDC00560CCF /* Preview Assets.xcassets in Resources */,
				82A551D9282C5CDC00560CCF /* Assets.xcassets in Resources */,
			);
			runOnlyForDeploymentPostprocessing = 0;
		};
/* End PBXResourcesBuildPhase section */

/* Begin PBXSourcesBuildPhase section */
		82A551CD282C5CDA00560CCF /* Sources */ = {
			isa = PBXSourcesBuildPhase;
			buildActionMask = 2147483647;
			files = (
				8216E85B28352768000ED83F /* EmptyStateText.swift in Sources */,
				82A551D7282C5CDA00560CCF /* SearchView.swift in Sources */,
				8253B0B22833272800F5A13E /* SpotlightButton.swift in Sources */,
				8253B0A62833040A00F5A13E /* FoodColor+Extensions.swift in Sources */,
				8253B0A22832F43D00F5A13E /* AppViewModel.swift in Sources */,
				8253B0B02833211200F5A13E /* FoodLogEntryView.swift in Sources */,
				8253B0AE283316CB00F5A13E /* StyledNavBar.swift in Sources */,
				82A551E9282C651500560CCF /* SearchViewModel.swift in Sources */,
				82A551D5282C5CDA00560CCF /* NoomInterviewApp.swift in Sources */,
				8253B09B2832E81E00F5A13E /* DependencyGraph.swift in Sources */,
				8253B0A928330DA300F5A13E /* DetailPair.swift in Sources */,
				8253B09E2832E9BD00F5A13E /* FoodLogView.swift in Sources */,
				82A551ED282C807500560CCF /* FoodDetailView.swift in Sources */,
				8253B0A02832F2A400F5A13E /* FoodLogViewModel.swift in Sources */,
			);
			runOnlyForDeploymentPostprocessing = 0;
		};
/* End PBXSourcesBuildPhase section */

/* Begin XCBuildConfiguration section */
		82A551DD282C5CDC00560CCF /* Debug */ = {
			isa = XCBuildConfiguration;
			buildSettings = {
				ALWAYS_SEARCH_USER_PATHS = NO;
				CLANG_ANALYZER_NONNULL = YES;
				CLANG_ANALYZER_NUMBER_OBJECT_CONVERSION = YES_AGGRESSIVE;
				CLANG_CXX_LANGUAGE_STANDARD = "gnu++17";
				CLANG_ENABLE_MODULES = YES;
				CLANG_ENABLE_OBJC_ARC = YES;
				CLANG_ENABLE_OBJC_WEAK = YES;
				CLANG_WARN_BLOCK_CAPTURE_AUTORELEASING = YES;
				CLANG_WARN_BOOL_CONVERSION = YES;
				CLANG_WARN_COMMA = YES;
				CLANG_WARN_CONSTANT_CONVERSION = YES;
				CLANG_WARN_DEPRECATED_OBJC_IMPLEMENTATIONS = YES;
				CLANG_WARN_DIRECT_OBJC_ISA_USAGE = YES_ERROR;
				CLANG_WARN_DOCUMENTATION_COMMENTS = YES;
				CLANG_WARN_EMPTY_BODY = YES;
				CLANG_WARN_ENUM_CONVERSION = YES;
				CLANG_WARN_INFINITE_RECURSION = YES;
				CLANG_WARN_INT_CONVERSION = YES;
				CLANG_WARN_NON_LITERAL_NULL_CONVERSION = YES;
				CLANG_WARN_OBJC_IMPLICIT_RETAIN_SELF = YES;
				CLANG_WARN_OBJC_LITERAL_CONVERSION = YES;
				CLANG_WARN_OBJC_ROOT_CLASS = YES_ERROR;
				CLANG_WARN_QUOTED_INCLUDE_IN_FRAMEWORK_HEADER = YES;
				CLANG_WARN_RANGE_LOOP_ANALYSIS = YES;
				CLANG_WARN_STRICT_PROTOTYPES = YES;
				CLANG_WARN_SUSPICIOUS_MOVE = YES;
				CLANG_WARN_UNGUARDED_AVAILABILITY = YES_AGGRESSIVE;
				CLANG_WARN_UNREACHABLE_CODE = YES;
				CLANG_WARN__DUPLICATE_METHOD_MATCH = YES;
				COPY_PHASE_STRIP = NO;
				DEBUG_INFORMATION_FORMAT = dwarf;
				ENABLE_STRICT_OBJC_MSGSEND = YES;
				ENABLE_TESTABILITY = YES;
				GCC_C_LANGUAGE_STANDARD = gnu11;
				GCC_DYNAMIC_NO_PIC = NO;
				GCC_NO_COMMON_BLOCKS = YES;
				GCC_OPTIMIZATION_LEVEL = 0;
				GCC_PREPROCESSOR_DEFINITIONS = (
					"DEBUG=1",
					"$(inherited)",
				);
				GCC_WARN_64_TO_32_BIT_CONVERSION = YES;
				GCC_WARN_ABOUT_RETURN_TYPE = YES_ERROR;
				GCC_WARN_UNDECLARED_SELECTOR = YES;
				GCC_WARN_UNINITIALIZED_AUTOS = YES_AGGRESSIVE;
				GCC_WARN_UNUSED_FUNCTION = YES;
				GCC_WARN_UNUSED_VARIABLE = YES;
				IPHONEOS_DEPLOYMENT_TARGET = 15.4;
				MTL_ENABLE_DEBUG_INFO = INCLUDE_SOURCE;
				MTL_FAST_MATH = YES;
				ONLY_ACTIVE_ARCH = YES;
				SDKROOT = iphoneos;
				SWIFT_ACTIVE_COMPILATION_CONDITIONS = DEBUG;
				SWIFT_OPTIMIZATION_LEVEL = "-Onone";
			};
			name = Debug;
		};
		82A551DE282C5CDC00560CCF /* Release */ = {
			isa = XCBuildConfiguration;
			buildSettings = {
				ALWAYS_SEARCH_USER_PATHS = NO;
				CLANG_ANALYZER_NONNULL = YES;
				CLANG_ANALYZER_NUMBER_OBJECT_CONVERSION = YES_AGGRESSIVE;
				CLANG_CXX_LANGUAGE_STANDARD = "gnu++17";
				CLANG_ENABLE_MODULES = YES;
				CLANG_ENABLE_OBJC_ARC = YES;
				CLANG_ENABLE_OBJC_WEAK = YES;
				CLANG_WARN_BLOCK_CAPTURE_AUTORELEASING = YES;
				CLANG_WARN_BOOL_CONVERSION = YES;
				CLANG_WARN_COMMA = YES;
				CLANG_WARN_CONSTANT_CONVERSION = YES;
				CLANG_WARN_DEPRECATED_OBJC_IMPLEMENTATIONS = YES;
				CLANG_WARN_DIRECT_OBJC_ISA_USAGE = YES_ERROR;
				CLANG_WARN_DOCUMENTATION_COMMENTS = YES;
				CLANG_WARN_EMPTY_BODY = YES;
				CLANG_WARN_ENUM_CONVERSION = YES;
				CLANG_WARN_INFINITE_RECURSION = YES;
				CLANG_WARN_INT_CONVERSION = YES;
				CLANG_WARN_NON_LITERAL_NULL_CONVERSION = YES;
				CLANG_WARN_OBJC_IMPLICIT_RETAIN_SELF = YES;
				CLANG_WARN_OBJC_LITERAL_CONVERSION = YES;
				CLANG_WARN_OBJC_ROOT_CLASS = YES_ERROR;
				CLANG_WARN_QUOTED_INCLUDE_IN_FRAMEWORK_HEADER = YES;
				CLANG_WARN_RANGE_LOOP_ANALYSIS = YES;
				CLANG_WARN_STRICT_PROTOTYPES = YES;
				CLANG_WARN_SUSPICIOUS_MOVE = YES;
				CLANG_WARN_UNGUARDED_AVAILABILITY = YES_AGGRESSIVE;
				CLANG_WARN_UNREACHABLE_CODE = YES;
				CLANG_WARN__DUPLICATE_METHOD_MATCH = YES;
				COPY_PHASE_STRIP = NO;
				DEBUG_INFORMATION_FORMAT = "dwarf-with-dsym";
				ENABLE_NS_ASSERTIONS = NO;
				ENABLE_STRICT_OBJC_MSGSEND = YES;
				GCC_C_LANGUAGE_STANDARD = gnu11;
				GCC_NO_COMMON_BLOCKS = YES;
				GCC_WARN_64_TO_32_BIT_CONVERSION = YES;
				GCC_WARN_ABOUT_RETURN_TYPE = YES_ERROR;
				GCC_WARN_UNDECLARED_SELECTOR = YES;
				GCC_WARN_UNINITIALIZED_AUTOS = YES_AGGRESSIVE;
				GCC_WARN_UNUSED_FUNCTION = YES;
				GCC_WARN_UNUSED_VARIABLE = YES;
				IPHONEOS_DEPLOYMENT_TARGET = 15.4;
				MTL_ENABLE_DEBUG_INFO = NO;
				MTL_FAST_MATH = YES;
				SDKROOT = iphoneos;
				SWIFT_COMPILATION_MODE = wholemodule;
				SWIFT_OPTIMIZATION_LEVEL = "-O";
				VALIDATE_PRODUCT = YES;
			};
			name = Release;
		};
		82A551E0282C5CDC00560CCF /* Debug */ = {
			isa = XCBuildConfiguration;
			buildSettings = {
				ASSETCATALOG_COMPILER_APPICON_NAME = AppIcon;
				ASSETCATALOG_COMPILER_GLOBAL_ACCENT_COLOR_NAME = AccentColor;
				CODE_SIGN_STYLE = Automatic;
				CURRENT_PROJECT_VERSION = 1;
				DEVELOPMENT_ASSET_PATHS = "\"NoomInterview/Preview Content\"";
				DEVELOPMENT_TEAM = 9A3742UGVG;
				ENABLE_PREVIEWS = YES;
				GENERATE_INFOPLIST_FILE = YES;
				INFOPLIST_KEY_UIApplicationSceneManifest_Generation = YES;
				INFOPLIST_KEY_UIApplicationSupportsIndirectInputEvents = YES;
				INFOPLIST_KEY_UILaunchScreen_Generation = YES;
				INFOPLIST_KEY_UISupportedInterfaceOrientations_iPad = "UIInterfaceOrientationPortrait UIInterfaceOrientationPortraitUpsideDown UIInterfaceOrientationLandscapeLeft UIInterfaceOrientationLandscapeRight";
				INFOPLIST_KEY_UISupportedInterfaceOrientations_iPhone = "UIInterfaceOrientationPortrait UIInterfaceOrientationLandscapeLeft UIInterfaceOrientationLandscapeRight";
				LD_RUNPATH_SEARCH_PATHS = (
					"$(inherited)",
					"@executable_path/Frameworks",
				);
				MARKETING_VERSION = 1.0;
				PRODUCT_BUNDLE_IDENTIFIER = com.piebie.NoomInterview;
				PRODUCT_NAME = "$(TARGET_NAME)";
				SWIFT_EMIT_LOC_STRINGS = YES;
				SWIFT_VERSION = 5.0;
				TARGETED_DEVICE_FAMILY = "1,2";
			};
			name = Debug;
		};
		82A551E1282C5CDC00560CCF /* Release */ = {
			isa = XCBuildConfiguration;
			buildSettings = {
				ASSETCATALOG_COMPILER_APPICON_NAME = AppIcon;
				ASSETCATALOG_COMPILER_GLOBAL_ACCENT_COLOR_NAME = AccentColor;
				CODE_SIGN_STYLE = Automatic;
				CURRENT_PROJECT_VERSION = 1;
				DEVELOPMENT_ASSET_PATHS = "\"NoomInterview/Preview Content\"";
				DEVELOPMENT_TEAM = 9A3742UGVG;
				ENABLE_PREVIEWS = YES;
				GENERATE_INFOPLIST_FILE = YES;
				INFOPLIST_KEY_UIApplicationSceneManifest_Generation = YES;
				INFOPLIST_KEY_UIApplicationSupportsIndirectInputEvents = YES;
				INFOPLIST_KEY_UILaunchScreen_Generation = YES;
				INFOPLIST_KEY_UISupportedInterfaceOrientations_iPad = "UIInterfaceOrientationPortrait UIInterfaceOrientationPortraitUpsideDown UIInterfaceOrientationLandscapeLeft UIInterfaceOrientationLandscapeRight";
				INFOPLIST_KEY_UISupportedInterfaceOrientations_iPhone = "UIInterfaceOrientationPortrait UIInterfaceOrientationLandscapeLeft UIInterfaceOrientationLandscapeRight";
				LD_RUNPATH_SEARCH_PATHS = (
					"$(inherited)",
					"@executable_path/Frameworks",
				);
				MARKETING_VERSION = 1.0;
				PRODUCT_BUNDLE_IDENTIFIER = com.piebie.NoomInterview;
				PRODUCT_NAME = "$(TARGET_NAME)";
				SWIFT_EMIT_LOC_STRINGS = YES;
				SWIFT_VERSION = 5.0;
				TARGETED_DEVICE_FAMILY = "1,2";
			};
			name = Release;
		};
/* End XCBuildConfiguration section */

/* Begin XCConfigurationList section */
		82A551CC282C5CDA00560CCF /* Build configuration list for PBXProject "NoomInterview" */ = {
			isa = XCConfigurationList;
			buildConfigurations = (
				82A551DD282C5CDC00560CCF /* Debug */,
				82A551DE282C5CDC00560CCF /* Release */,
			);
			defaultConfigurationIsVisible = 0;
			defaultConfigurationName = Release;
		};
		82A551DF282C5CDC00560CCF /* Build configuration list for PBXNativeTarget "NoomInterview" */ = {
			isa = XCConfigurationList;
			buildConfigurations = (
				82A551E0282C5CDC00560CCF /* Debug */,
				82A551E1282C5CDC00560CCF /* Release */,
			);
			defaultConfigurationIsVisible = 0;
			defaultConfigurationName = Release;
		};
/* End XCConfigurationList section */

/* Begin XCSwiftPackageProductDependency section */
		8216E857283523E7000ED83F /* DataLayer */ = {
			isa = XCSwiftPackageProductDependency;
			productName = DataLayer;
		};
/* End XCSwiftPackageProductDependency section */
	};
	rootObject = 82A551C9282C5CDA00560CCF /* Project object */;
}
